// !$*UTF8*$!
{
	archiveVersion = 1;
	classes = {
	};
	objectVersion = 46;
	objects = {

/* Begin PBXBuildFile section */
		8D11072D0486CEB800E47090 /* main.m in Sources */ = {isa = PBXBuildFile; fileRef = 29B97316FDCFA39411CA2CEA /* main.m */; settings = {ATTRIBUTES = (); }; };
		8D11072F0486CEB800E47090 /* Cocoa.framework in Frameworks */ = {isa = PBXBuildFile; fileRef = 1058C7A1FEA54F0111CA2CBB /* Cocoa.framework */; };
		E8131F861EA1737F00297A90 /* MainMenu.xib in Resources */ = {isa = PBXBuildFile; fileRef = E8131F841EA1737F00297A90 /* MainMenu.xib */; };
		E8237D8A1F75E72B00012064 /* Credits.rtf in Resources */ = {isa = PBXBuildFile; fileRef = E8237D7B1F75E6FB00012064 /* Credits.rtf */; };
		E83AD7D218C2BD71000B6C96 /* AHTool.m in Sources */ = {isa = PBXBuildFile; fileRef = E83AD7D118C2BD71000B6C96 /* AHTool.m */; };
		E8538AE41EA0F55800F6D401 /* libcapstone.a in Frameworks */ = {isa = PBXBuildFile; fileRef = E8538AC51EA0F53E00F6D401 /* libcapstone.a */; };
		E887CA7B18C3A5410078BE83 /* AHCleaner.m in Sources */ = {isa = PBXBuildFile; fileRef = E887CA7A18C3A5410078BE83 /* AHCleaner.m */; };
		E8B7C7101EA3EDBF0059F5A1 /* Images.xcassets in Resources */ = {isa = PBXBuildFile; fileRef = E8B7C70F1EA3EDBF0059F5A1 /* Images.xcassets */; };
		E8CD981F0A5DD5C700FEF0B3 /* MainController.m in Sources */ = {isa = PBXBuildFile; fileRef = E8CD981E0A5DD5C700FEF0B3 /* MainController.m */; };
		E8D83C401EA11BFB007A5FB2 /* libkeystone.a in Frameworks */ = {isa = PBXBuildFile; fileRef = E8D83C3D1EA11BEA007A5FB2 /* libkeystone.a */; };
		E8D83C421EA11E25007A5FB2 /* libc++.tbd in Frameworks */ = {isa = PBXBuildFile; fileRef = E8D83C411EA11E25007A5FB2 /* libc++.tbd */; };
/* End PBXBuildFile section */

/* Begin PBXContainerItemProxy section */
		E8538AC41EA0F53E00F6D401 /* PBXContainerItemProxy */ = {
			isa = PBXContainerItemProxy;
			containerPortal = E8538AB21EA0F53D00F6D401 /* Capstone.xcodeproj */;
			proxyType = 2;
			remoteGlobalIDString = DCFE23BD19DDCC2D00EF8EA9;
			remoteInfo = CapstoneStatic;
		};
		E8538AC61EA0F53E00F6D401 /* PBXContainerItemProxy */ = {
			isa = PBXContainerItemProxy;
			containerPortal = E8538AB21EA0F53D00F6D401 /* Capstone.xcodeproj */;
			proxyType = 2;
			remoteGlobalIDString = DCFE23CD19DDCC9500EF8EA9;
			remoteInfo = CapstoneDynamic;
		};
		E8538AC81EA0F53E00F6D401 /* PBXContainerItemProxy */ = {
			isa = PBXContainerItemProxy;
			containerPortal = E8538AB21EA0F53D00F6D401 /* Capstone.xcodeproj */;
			proxyType = 2;
			remoteGlobalIDString = DC474F6819DE6F3B00BCA449;
			remoteInfo = CapstoneFramework;
		};
		E8538ACA1EA0F53E00F6D401 /* PBXContainerItemProxy */ = {
			isa = PBXContainerItemProxy;
			containerPortal = E8538AB21EA0F53D00F6D401 /* Capstone.xcodeproj */;
			proxyType = 2;
			remoteGlobalIDString = DC474E6419DDEA5F00BCA449;
			remoteInfo = test;
		};
		E8538ACC1EA0F53E00F6D401 /* PBXContainerItemProxy */ = {
			isa = PBXContainerItemProxy;
			containerPortal = E8538AB21EA0F53D00F6D401 /* Capstone.xcodeproj */;
			proxyType = 2;
			remoteGlobalIDString = DC474E8619DDEAA200BCA449;
			remoteInfo = test_arm;
		};
		E8538ACE1EA0F53E00F6D401 /* PBXContainerItemProxy */ = {
			isa = PBXContainerItemProxy;
			containerPortal = E8538AB21EA0F53D00F6D401 /* Capstone.xcodeproj */;
			proxyType = 2;
			remoteGlobalIDString = DC474EEA19DDEAE400BCA449;
			remoteInfo = test_arm64;
		};
		E8538AD01EA0F53E00F6D401 /* PBXContainerItemProxy */ = {
			isa = PBXContainerItemProxy;
			containerPortal = E8538AB21EA0F53D00F6D401 /* Capstone.xcodeproj */;
			proxyType = 2;
			remoteGlobalIDString = DC474E9119DDEAA700BCA449;
			remoteInfo = test_detail;
		};
		E8538AD21EA0F53E00F6D401 /* PBXContainerItemProxy */ = {
			isa = PBXContainerItemProxy;
			containerPortal = E8538AB21EA0F53D00F6D401 /* Capstone.xcodeproj */;
			proxyType = 2;
			remoteGlobalIDString = DC5BFF4019EE544E008CA585;
			remoteInfo = test_iter;
		};
		E8538AD41EA0F53E00F6D401 /* PBXContainerItemProxy */ = {
			isa = PBXContainerItemProxy;
			containerPortal = E8538AB21EA0F53D00F6D401 /* Capstone.xcodeproj */;
			proxyType = 2;
			remoteGlobalIDString = DC474E9C19DDEAAC00BCA449;
			remoteInfo = test_mips;
		};
		E8538AD61EA0F53E00F6D401 /* PBXContainerItemProxy */ = {
			isa = PBXContainerItemProxy;
			containerPortal = E8538AB21EA0F53D00F6D401 /* Capstone.xcodeproj */;
			proxyType = 2;
			remoteGlobalIDString = DC474EA719DDEAB000BCA449;
			remoteInfo = test_ppc;
		};
		E8538AD81EA0F53E00F6D401 /* PBXContainerItemProxy */ = {
			isa = PBXContainerItemProxy;
			containerPortal = E8538AB21EA0F53D00F6D401 /* Capstone.xcodeproj */;
			proxyType = 2;
			remoteGlobalIDString = DC474EB219DDEAB700BCA449;
			remoteInfo = test_skipdata;
		};
		E8538ADA1EA0F53E00F6D401 /* PBXContainerItemProxy */ = {
			isa = PBXContainerItemProxy;
			containerPortal = E8538AB21EA0F53D00F6D401 /* Capstone.xcodeproj */;
			proxyType = 2;
			remoteGlobalIDString = DC474EBD19DDEABC00BCA449;
			remoteInfo = test_sparc;
		};
		E8538ADC1EA0F53E00F6D401 /* PBXContainerItemProxy */ = {
			isa = PBXContainerItemProxy;
			containerPortal = E8538AB21EA0F53D00F6D401 /* Capstone.xcodeproj */;
			proxyType = 2;
			remoteGlobalIDString = DC474EC819DDEAC100BCA449;
			remoteInfo = test_systemz;
		};
		E8538ADE1EA0F53E00F6D401 /* PBXContainerItemProxy */ = {
			isa = PBXContainerItemProxy;
			containerPortal = E8538AB21EA0F53D00F6D401 /* Capstone.xcodeproj */;
			proxyType = 2;
			remoteGlobalIDString = DC474ED319DDEAC600BCA449;
			remoteInfo = test_x86;
		};
		E8538AE01EA0F53E00F6D401 /* PBXContainerItemProxy */ = {
			isa = PBXContainerItemProxy;
			containerPortal = E8538AB21EA0F53D00F6D401 /* Capstone.xcodeproj */;
			proxyType = 2;
			remoteGlobalIDString = DC474EDE19DDEACC00BCA449;
			remoteInfo = test_xcore;
		};
		E8538AE21EA0F55200F6D401 /* PBXContainerItemProxy */ = {
			isa = PBXContainerItemProxy;
			containerPortal = E8538AB21EA0F53D00F6D401 /* Capstone.xcodeproj */;
			proxyType = 1;
			remoteGlobalIDString = DCFE23BC19DDCC2D00EF8EA9;
			remoteInfo = CapstoneStatic;
		};
		E8D83C3C1EA11BEA007A5FB2 /* PBXContainerItemProxy */ = {
			isa = PBXContainerItemProxy;
			containerPortal = E8D83C381EA11BEA007A5FB2 /* keystone.xcodeproj */;
			proxyType = 2;
			remoteGlobalIDString = B23D03A8C8BF4BFA86834DEB;
			remoteInfo = keystone;
		};
		E8D83C3E1EA11BF2007A5FB2 /* PBXContainerItemProxy */ = {
			isa = PBXContainerItemProxy;
			containerPortal = E8D83C381EA11BEA007A5FB2 /* keystone.xcodeproj */;
			proxyType = 1;
			remoteGlobalIDString = 7D52112F3BA14BC7832DE03D;
			remoteInfo = keystone;
		};
/* End PBXContainerItemProxy section */

/* Begin PBXFileReference section */
		1058C7A1FEA54F0111CA2CBB /* Cocoa.framework */ = {isa = PBXFileReference; lastKnownFileType = wrapper.framework; name = Cocoa.framework; path = /System/Library/Frameworks/Cocoa.framework; sourceTree = "<absolute>"; };
		29B97316FDCFA39411CA2CEA /* main.m */ = {isa = PBXFileReference; fileEncoding = 4; lastKnownFileType = sourcecode.c.objc; path = main.m; sourceTree = "<group>"; };
		8D1107310486CEB800E47090 /* Info.plist */ = {isa = PBXFileReference; fileEncoding = 4; lastKnownFileType = text.plist.xml; path = Info.plist; sourceTree = "<group>"; };
		8D1107320486CEB800E47090 /* AsmHelper.app */ = {isa = PBXFileReference; explicitFileType = wrapper.application; includeInIndex = 0; path = AsmHelper.app; sourceTree = BUILT_PRODUCTS_DIR; };
		E8131F851EA1737F00297A90 /* Base */ = {isa = PBXFileReference; lastKnownFileType = file.xib; name = Base; path = Base.lproj/MainMenu.xib; sourceTree = "<group>"; };
		E8237D7B1F75E6FB00012064 /* Credits.rtf */ = {isa = PBXFileReference; lastKnownFileType = text.rtf; path = Credits.rtf; sourceTree = "<group>"; };
		E83AD7D018C2BD71000B6C96 /* AHTool.h */ = {isa = PBXFileReference; fileEncoding = 4; lastKnownFileType = sourcecode.c.h; path = AHTool.h; sourceTree = "<group>"; };
		E83AD7D118C2BD71000B6C96 /* AHTool.m */ = {isa = PBXFileReference; fileEncoding = 4; lastKnownFileType = sourcecode.c.objc; path = AHTool.m; sourceTree = "<group>"; };
		E8538AB21EA0F53D00F6D401 /* Capstone.xcodeproj */ = {isa = PBXFileReference; lastKnownFileType = "wrapper.pb-project"; name = Capstone.xcodeproj; path = Submodules/capstone/xcode/Capstone.xcodeproj; sourceTree = "<group>"; };
		E887CA7918C3A5410078BE83 /* AHCleaner.h */ = {isa = PBXFileReference; fileEncoding = 4; lastKnownFileType = sourcecode.c.h; path = AHCleaner.h; sourceTree = "<group>"; };
		E887CA7A18C3A5410078BE83 /* AHCleaner.m */ = {isa = PBXFileReference; fileEncoding = 4; lastKnownFileType = sourcecode.c.objc; path = AHCleaner.m; sourceTree = "<group>"; };
		E8B7C70F1EA3EDBF0059F5A1 /* Images.xcassets */ = {isa = PBXFileReference; lastKnownFileType = folder.assetcatalog; path = Images.xcassets; sourceTree = "<group>"; };
		E8CD981D0A5DD5C700FEF0B3 /* MainController.h */ = {isa = PBXFileReference; fileEncoding = 4; lastKnownFileType = sourcecode.c.h; path = MainController.h; sourceTree = "<group>"; };
		E8CD981E0A5DD5C700FEF0B3 /* MainController.m */ = {isa = PBXFileReference; fileEncoding = 4; lastKnownFileType = sourcecode.c.objc; path = MainController.m; sourceTree = "<group>"; };
		E8D83C381EA11BEA007A5FB2 /* keystone.xcodeproj */ = {isa = PBXFileReference; lastKnownFileType = "wrapper.pb-project"; name = keystone.xcodeproj; path = Helpers/keystone_xcode/keystone.xcodeproj; sourceTree = "<group>"; };
		E8D83C411EA11E25007A5FB2 /* libc++.tbd */ = {isa = PBXFileReference; lastKnownFileType = "sourcecode.text-based-dylib-definition"; name = "libc++.tbd"; path = "usr/lib/libc++.tbd"; sourceTree = SDKROOT; };
/* End PBXFileReference section */

/* Begin PBXFrameworksBuildPhase section */
		8D11072E0486CEB800E47090 /* Frameworks */ = {
			isa = PBXFrameworksBuildPhase;
			buildActionMask = 2147483647;
			files = (
				E8D83C421EA11E25007A5FB2 /* libc++.tbd in Frameworks */,
				E8D83C401EA11BFB007A5FB2 /* libkeystone.a in Frameworks */,
				E8538AE41EA0F55800F6D401 /* libcapstone.a in Frameworks */,
				8D11072F0486CEB800E47090 /* Cocoa.framework in Frameworks */,
			);
			runOnlyForDeploymentPostprocessing = 0;
		};
/* End PBXFrameworksBuildPhase section */

/* Begin PBXGroup section */
		19C28FACFE9D520D11CA2CBB /* Products */ = {
			isa = PBXGroup;
			children = (
				8D1107320486CEB800E47090 /* AsmHelper.app */,
			);
			name = Products;
			sourceTree = "<group>";
		};
		29B97314FDCFA39411CA2CEA = {
			isa = PBXGroup;
			children = (
				E8538AB21EA0F53D00F6D401 /* Capstone.xcodeproj */,
				E8D83C381EA11BEA007A5FB2 /* keystone.xcodeproj */,
				E8131F7E1EA1728800297A90 /* AsmHelper */,
				29B97323FDCFA39411CA2CEA /* Frameworks */,
				19C28FACFE9D520D11CA2CBB /* Products */,
			);
			sourceTree = "<group>";
		};
		29B97323FDCFA39411CA2CEA /* Frameworks */ = {
			isa = PBXGroup;
			children = (
				1058C7A1FEA54F0111CA2CBB /* Cocoa.framework */,
				E8D83C411EA11E25007A5FB2 /* libc++.tbd */,
			);
			name = Frameworks;
			sourceTree = "<group>";
		};
		E8131F7E1EA1728800297A90 /* AsmHelper */ = {
			isa = PBXGroup;
			children = (
				E8131F7F1EA172C000297A90 /* Classes */,
				E8131F801EA172E900297A90 /* Supporting Files */,
				E8131F811EA1730C00297A90 /* Resources */,
			);
			path = AsmHelper;
			sourceTree = "<group>";
		};
		E8131F7F1EA172C000297A90 /* Classes */ = {
			isa = PBXGroup;
			children = (
				E8CD981D0A5DD5C700FEF0B3 /* MainController.h */,
				E8CD981E0A5DD5C700FEF0B3 /* MainController.m */,
				E83AD7D018C2BD71000B6C96 /* AHTool.h */,
				E83AD7D118C2BD71000B6C96 /* AHTool.m */,
				E887CA7918C3A5410078BE83 /* AHCleaner.h */,
				E887CA7A18C3A5410078BE83 /* AHCleaner.m */,
			);
			name = Classes;
			sourceTree = "<group>";
		};
		E8131F801EA172E900297A90 /* Supporting Files */ = {
			isa = PBXGroup;
			children = (
				29B97316FDCFA39411CA2CEA /* main.m */,
			);
			name = "Supporting Files";
			sourceTree = "<group>";
		};
		E8131F811EA1730C00297A90 /* Resources */ = {
			isa = PBXGroup;
			children = (
				E8131F841EA1737F00297A90 /* MainMenu.xib */,
				8D1107310486CEB800E47090 /* Info.plist */,
				E8237D7B1F75E6FB00012064 /* Credits.rtf */,
				E8B7C70F1EA3EDBF0059F5A1 /* Images.xcassets */,
			);
			name = Resources;
			sourceTree = "<group>";
		};
		E8538AB31EA0F53D00F6D401 /* Products */ = {
			isa = PBXGroup;
			children = (
				E8538AC51EA0F53E00F6D401 /* libcapstone.a */,
				E8538AC71EA0F53E00F6D401 /* libcapstone.dylib */,
				E8538AC91EA0F53E00F6D401 /* Capstone.framework */,
				E8538ACB1EA0F53E00F6D401 /* test */,
				E8538ACD1EA0F53E00F6D401 /* test_arm */,
				E8538ACF1EA0F53E00F6D401 /* test_arm64 */,
				E8538AD11EA0F53E00F6D401 /* test_detail */,
				E8538AD31EA0F53E00F6D401 /* test_iter */,
				E8538AD51EA0F53E00F6D401 /* test_mips */,
				E8538AD71EA0F53E00F6D401 /* test_ppc */,
				E8538AD91EA0F53E00F6D401 /* test_skipdata */,
				E8538ADB1EA0F53E00F6D401 /* test_sparc */,
				E8538ADD1EA0F53E00F6D401 /* test_systemz */,
				E8538ADF1EA0F53E00F6D401 /* test_x86 */,
				E8538AE11EA0F53E00F6D401 /* test_xcore */,
			);
			name = Products;
			sourceTree = "<group>";
		};
		E8D83C391EA11BEA007A5FB2 /* Products */ = {
			isa = PBXGroup;
			children = (
				E8D83C3D1EA11BEA007A5FB2 /* libkeystone.a */,
			);
			name = Products;
			sourceTree = "<group>";
		};
/* End PBXGroup section */

/* Begin PBXNativeTarget section */
		8D1107260486CEB800E47090 /* AsmHelper */ = {
			isa = PBXNativeTarget;
			buildConfigurationList = C01FCF4A08A954540054247B /* Build configuration list for PBXNativeTarget "AsmHelper" */;
			buildPhases = (
				8D1107290486CEB800E47090 /* Resources */,
				8D11072C0486CEB800E47090 /* Sources */,
				8D11072E0486CEB800E47090 /* Frameworks */,
				E81937BF1F754C8000FEAD23 /* Set CFBundleVersion */,
			);
			buildRules = (
			);
			dependencies = (
				E8D83C3F1EA11BF2007A5FB2 /* PBXTargetDependency */,
				E8538AE31EA0F55200F6D401 /* PBXTargetDependency */,
			);
			name = AsmHelper;
			productInstallPath = "$(HOME)/Applications";
			productName = AsmHelper;
			productReference = 8D1107320486CEB800E47090 /* AsmHelper.app */;
			productType = "com.apple.product-type.application";
		};
/* End PBXNativeTarget section */

/* Begin PBXProject section */
		29B97313FDCFA39411CA2CEA /* Project object */ = {
			isa = PBXProject;
			attributes = {
				CLASSPREFIX = AH;
				LastUpgradeCheck = 1010;
				ORGANIZATIONNAME = SourceMac;
				TargetAttributes = {
					8D1107260486CEB800E47090 = {
						ProvisioningStyle = Manual;
					};
				};
			};
			buildConfigurationList = C01FCF4E08A954540054247B /* Build configuration list for PBXProject "AsmHelper" */;
			compatibilityVersion = "Xcode 3.2";
			developmentRegion = English;
			hasScannedForEncodings = 1;
			knownRegions = (
				English,
				Base,
			);
			mainGroup = 29B97314FDCFA39411CA2CEA;
			projectDirPath = "";
			projectReferences = (
				{
					ProductGroup = E8538AB31EA0F53D00F6D401 /* Products */;
					ProjectRef = E8538AB21EA0F53D00F6D401 /* Capstone.xcodeproj */;
				},
				{
					ProductGroup = E8D83C391EA11BEA007A5FB2 /* Products */;
					ProjectRef = E8D83C381EA11BEA007A5FB2 /* keystone.xcodeproj */;
				},
			);
			projectRoot = "";
			targets = (
				8D1107260486CEB800E47090 /* AsmHelper */,
			);
		};
/* End PBXProject section */

/* Begin PBXReferenceProxy section */
		E8538AC51EA0F53E00F6D401 /* libcapstone.a */ = {
			isa = PBXReferenceProxy;
			fileType = archive.ar;
			path = libcapstone.a;
			remoteRef = E8538AC41EA0F53E00F6D401 /* PBXContainerItemProxy */;
			sourceTree = BUILT_PRODUCTS_DIR;
		};
		E8538AC71EA0F53E00F6D401 /* libcapstone.dylib */ = {
			isa = PBXReferenceProxy;
			fileType = "compiled.mach-o.dylib";
			path = libcapstone.dylib;
			remoteRef = E8538AC61EA0F53E00F6D401 /* PBXContainerItemProxy */;
			sourceTree = BUILT_PRODUCTS_DIR;
		};
		E8538AC91EA0F53E00F6D401 /* Capstone.framework */ = {
			isa = PBXReferenceProxy;
			fileType = wrapper.framework;
			path = Capstone.framework;
			remoteRef = E8538AC81EA0F53E00F6D401 /* PBXContainerItemProxy */;
			sourceTree = BUILT_PRODUCTS_DIR;
		};
		E8538ACB1EA0F53E00F6D401 /* test */ = {
			isa = PBXReferenceProxy;
			fileType = "compiled.mach-o.executable";
			name = test;
			path = test_basic;
			remoteRef = E8538ACA1EA0F53E00F6D401 /* PBXContainerItemProxy */;
			sourceTree = BUILT_PRODUCTS_DIR;
		};
		E8538ACD1EA0F53E00F6D401 /* test_arm */ = {
			isa = PBXReferenceProxy;
			fileType = "compiled.mach-o.executable";
			path = test_arm;
			remoteRef = E8538ACC1EA0F53E00F6D401 /* PBXContainerItemProxy */;
			sourceTree = BUILT_PRODUCTS_DIR;
		};
		E8538ACF1EA0F53E00F6D401 /* test_arm64 */ = {
			isa = PBXReferenceProxy;
			fileType = "compiled.mach-o.executable";
			path = test_arm64;
			remoteRef = E8538ACE1EA0F53E00F6D401 /* PBXContainerItemProxy */;
			sourceTree = BUILT_PRODUCTS_DIR;
		};
		E8538AD11EA0F53E00F6D401 /* test_detail */ = {
			isa = PBXReferenceProxy;
			fileType = "compiled.mach-o.executable";
			path = test_detail;
			remoteRef = E8538AD01EA0F53E00F6D401 /* PBXContainerItemProxy */;
			sourceTree = BUILT_PRODUCTS_DIR;
		};
		E8538AD31EA0F53E00F6D401 /* test_iter */ = {
			isa = PBXReferenceProxy;
			fileType = "compiled.mach-o.executable";
			path = test_iter;
			remoteRef = E8538AD21EA0F53E00F6D401 /* PBXContainerItemProxy */;
			sourceTree = BUILT_PRODUCTS_DIR;
		};
		E8538AD51EA0F53E00F6D401 /* test_mips */ = {
			isa = PBXReferenceProxy;
			fileType = "compiled.mach-o.executable";
			path = test_mips;
			remoteRef = E8538AD41EA0F53E00F6D401 /* PBXContainerItemProxy */;
			sourceTree = BUILT_PRODUCTS_DIR;
		};
		E8538AD71EA0F53E00F6D401 /* test_ppc */ = {
			isa = PBXReferenceProxy;
			fileType = "compiled.mach-o.executable";
			path = test_ppc;
			remoteRef = E8538AD61EA0F53E00F6D401 /* PBXContainerItemProxy */;
			sourceTree = BUILT_PRODUCTS_DIR;
		};
		E8538AD91EA0F53E00F6D401 /* test_skipdata */ = {
			isa = PBXReferenceProxy;
			fileType = "compiled.mach-o.executable";
			path = test_skipdata;
			remoteRef = E8538AD81EA0F53E00F6D401 /* PBXContainerItemProxy */;
			sourceTree = BUILT_PRODUCTS_DIR;
		};
		E8538ADB1EA0F53E00F6D401 /* test_sparc */ = {
			isa = PBXReferenceProxy;
			fileType = "compiled.mach-o.executable";
			path = test_sparc;
			remoteRef = E8538ADA1EA0F53E00F6D401 /* PBXContainerItemProxy */;
			sourceTree = BUILT_PRODUCTS_DIR;
		};
		E8538ADD1EA0F53E00F6D401 /* test_systemz */ = {
			isa = PBXReferenceProxy;
			fileType = "compiled.mach-o.executable";
			path = test_systemz;
			remoteRef = E8538ADC1EA0F53E00F6D401 /* PBXContainerItemProxy */;
			sourceTree = BUILT_PRODUCTS_DIR;
		};
		E8538ADF1EA0F53E00F6D401 /* test_x86 */ = {
			isa = PBXReferenceProxy;
			fileType = "compiled.mach-o.executable";
			path = test_x86;
			remoteRef = E8538ADE1EA0F53E00F6D401 /* PBXContainerItemProxy */;
			sourceTree = BUILT_PRODUCTS_DIR;
		};
		E8538AE11EA0F53E00F6D401 /* test_xcore */ = {
			isa = PBXReferenceProxy;
			fileType = "compiled.mach-o.executable";
			path = test_xcore;
			remoteRef = E8538AE01EA0F53E00F6D401 /* PBXContainerItemProxy */;
			sourceTree = BUILT_PRODUCTS_DIR;
		};
		E8D83C3D1EA11BEA007A5FB2 /* libkeystone.a */ = {
			isa = PBXReferenceProxy;
			fileType = archive.ar;
			path = libkeystone.a;
			remoteRef = E8D83C3C1EA11BEA007A5FB2 /* PBXContainerItemProxy */;
			sourceTree = BUILT_PRODUCTS_DIR;
		};
/* End PBXReferenceProxy section */

/* Begin PBXResourcesBuildPhase section */
		8D1107290486CEB800E47090 /* Resources */ = {
			isa = PBXResourcesBuildPhase;
			buildActionMask = 2147483647;
			files = (
				E8131F861EA1737F00297A90 /* MainMenu.xib in Resources */,
				E8237D8A1F75E72B00012064 /* Credits.rtf in Resources */,
				E8B7C7101EA3EDBF0059F5A1 /* Images.xcassets in Resources */,
			);
			runOnlyForDeploymentPostprocessing = 0;
		};
/* End PBXResourcesBuildPhase section */

/* Begin PBXShellScriptBuildPhase section */
		E81937BF1F754C8000FEAD23 /* Set CFBundleVersion */ = {
			isa = PBXShellScriptBuildPhase;
			buildActionMask = 2147483647;
			files = (
			);
			inputPaths = (
			);
			name = "Set CFBundleVersion";
			outputPaths = (
			);
			runOnlyForDeploymentPostprocessing = 0;
			shellPath = /bin/sh;
			shellScript = "COMMIT_HASH=$( cd \"${PROJECT_DIR}\";  git rev-parse --short HEAD )\n\n/usr/libexec/PlistBuddy -c \"Set :CFBundleVersion ${COMMIT_HASH}\" \"${BUILT_PRODUCTS_DIR}/${INFOPLIST_PATH}\"\n\nexit 0\n";
		};
/* End PBXShellScriptBuildPhase section */

/* Begin PBXSourcesBuildPhase section */
		8D11072C0486CEB800E47090 /* Sources */ = {
			isa = PBXSourcesBuildPhase;
			buildActionMask = 2147483647;
			files = (
				8D11072D0486CEB800E47090 /* main.m in Sources */,
				E887CA7B18C3A5410078BE83 /* AHCleaner.m in Sources */,
				E8CD981F0A5DD5C700FEF0B3 /* MainController.m in Sources */,
				E83AD7D218C2BD71000B6C96 /* AHTool.m in Sources */,
			);
			runOnlyForDeploymentPostprocessing = 0;
		};
/* End PBXSourcesBuildPhase section */

/* Begin PBXTargetDependency section */
		E8538AE31EA0F55200F6D401 /* PBXTargetDependency */ = {
			isa = PBXTargetDependency;
			name = CapstoneStatic;
			targetProxy = E8538AE21EA0F55200F6D401 /* PBXContainerItemProxy */;
		};
		E8D83C3F1EA11BF2007A5FB2 /* PBXTargetDependency */ = {
			isa = PBXTargetDependency;
			name = keystone;
			targetProxy = E8D83C3E1EA11BF2007A5FB2 /* PBXContainerItemProxy */;
		};
/* End PBXTargetDependency section */

/* Begin PBXVariantGroup section */
		E8131F841EA1737F00297A90 /* MainMenu.xib */ = {
			isa = PBXVariantGroup;
			children = (
				E8131F851EA1737F00297A90 /* Base */,
			);
			name = MainMenu.xib;
			sourceTree = "<group>";
		};
/* End PBXVariantGroup section */

/* Begin XCBuildConfiguration section */
		C01FCF4B08A954540054247B /* Debug */ = {
			isa = XCBuildConfiguration;
			buildSettings = {
				ASSETCATALOG_COMPILER_APPICON_NAME = AppIcon;
				COMBINE_HIDPI_IMAGES = YES;
				HEADER_SEARCH_PATHS = (
					"${PROJECT_DIR}/Submodules/capstone/include/",
					"${PROJECT_DIR}/Submodules/keystone/include/keystone/",
				);
				INFOPLIST_FILE = AsmHelper/Info.plist;
				LD_RUNPATH_SEARCH_PATHS = "$(inherited) @executable_path/../Frameworks";
				PRODUCT_BUNDLE_IDENTIFIER = com.sourcemac.asmhelper;
				PRODUCT_NAME = AsmHelper;
				WRAPPER_EXTENSION = app;
			};
			name = Debug;
		};
		C01FCF4C08A954540054247B /* Release */ = {
			isa = XCBuildConfiguration;
			buildSettings = {
				ASSETCATALOG_COMPILER_APPICON_NAME = AppIcon;
				COMBINE_HIDPI_IMAGES = YES;
				HEADER_SEARCH_PATHS = (
					"${PROJECT_DIR}/Submodules/capstone/include/",
					"${PROJECT_DIR}/Submodules/keystone/include/keystone/",
				);
				INFOPLIST_FILE = AsmHelper/Info.plist;
				LD_RUNPATH_SEARCH_PATHS = "$(inherited) @executable_path/../Frameworks";
				PRODUCT_BUNDLE_IDENTIFIER = com.sourcemac.asmhelper;
				PRODUCT_NAME = AsmHelper;
				WRAPPER_EXTENSION = app;
			};
			name = Release;
		};
		C01FCF4F08A954540054247B /* Debug */ = {
			isa = XCBuildConfiguration;
			buildSettings = {
				ALWAYS_SEARCH_USER_PATHS = NO;
				CLANG_ANALYZER_NONNULL = YES;
				CLANG_ANALYZER_NUMBER_OBJECT_CONVERSION = YES_AGGRESSIVE;
				CLANG_CXX_LANGUAGE_STANDARD = "gnu++0x";
				CLANG_CXX_LIBRARY = "libc++";
				CLANG_ENABLE_MODULES = YES;
				CLANG_ENABLE_OBJC_ARC = YES;
				CLANG_WARN_BLOCK_CAPTURE_AUTORELEASING = YES;
				CLANG_WARN_BOOL_CONVERSION = YES;
				CLANG_WARN_COMMA = YES;
				CLANG_WARN_CONSTANT_CONVERSION = YES;
				CLANG_WARN_DEPRECATED_OBJC_IMPLEMENTATIONS = YES;
				CLANG_WARN_DIRECT_OBJC_ISA_USAGE = YES_ERROR;
				CLANG_WARN_DOCUMENTATION_COMMENTS = YES;
				CLANG_WARN_EMPTY_BODY = YES;
				CLANG_WARN_ENUM_CONVERSION = YES;
				CLANG_WARN_INFINITE_RECURSION = YES;
				CLANG_WARN_INT_CONVERSION = YES;
				CLANG_WARN_NON_LITERAL_NULL_CONVERSION = YES;
				CLANG_WARN_OBJC_LITERAL_CONVERSION = YES;
				CLANG_WARN_OBJC_ROOT_CLASS = YES_ERROR;
				CLANG_WARN_RANGE_LOOP_ANALYSIS = YES;
				CLANG_WARN_STRICT_PROTOTYPES = YES;
				CLANG_WARN_SUSPICIOUS_MOVE = YES;
				CLANG_WARN_UNREACHABLE_CODE = YES;
				CLANG_WARN__DUPLICATE_METHOD_MATCH = YES;
				COPY_PHASE_STRIP = NO;
				DEBUG_INFORMATION_FORMAT = dwarf;
				ENABLE_STRICT_OBJC_MSGSEND = YES;
				ENABLE_TESTABILITY = YES;
				GCC_C_LANGUAGE_STANDARD = gnu99;
				GCC_DYNAMIC_NO_PIC = NO;
				GCC_NO_COMMON_BLOCKS = YES;
				GCC_OPTIMIZATION_LEVEL = 0;
				GCC_PREPROCESSOR_DEFINITIONS = (
					"DEBUG=1",
					"$(inherited)",
				);
				GCC_TREAT_WARNINGS_AS_ERRORS = YES;
				GCC_WARN_64_TO_32_BIT_CONVERSION = YES;
				GCC_WARN_ABOUT_RETURN_TYPE = YES_ERROR;
				GCC_WARN_UNDECLARED_SELECTOR = YES;
				GCC_WARN_UNINITIALIZED_AUTOS = YES_AGGRESSIVE;
				GCC_WARN_UNUSED_FUNCTION = YES;
				GCC_WARN_UNUSED_VARIABLE = YES;
				MACOSX_DEPLOYMENT_TARGET = 10.12;
				ONLY_ACTIVE_ARCH = YES;
				SDKROOT = macosx;
			};
			name = Debug;
		};
		C01FCF5008A954540054247B /* Release */ = {
			isa = XCBuildConfiguration;
			buildSettings = {
				ALWAYS_SEARCH_USER_PATHS = NO;
				CLANG_ANALYZER_NONNULL = YES;
				CLANG_ANALYZER_NUMBER_OBJECT_CONVERSION = YES_AGGRESSIVE;
				CLANG_CXX_LANGUAGE_STANDARD = "gnu++0x";
				CLANG_CXX_LIBRARY = "libc++";
				CLANG_ENABLE_MODULES = YES;
				CLANG_ENABLE_OBJC_ARC = YES;
				CLANG_WARN_BLOCK_CAPTURE_AUTORELEASING = YES;
				CLANG_WARN_BOOL_CONVERSION = YES;
				CLANG_WARN_COMMA = YES;
				CLANG_WARN_CONSTANT_CONVERSION = YES;
				CLANG_WARN_DEPRECATED_OBJC_IMPLEMENTATIONS = YES;
				CLANG_WARN_DIRECT_OBJC_ISA_USAGE = YES_ERROR;
				CLANG_WARN_DOCUMENTATION_COMMENTS = YES;
				CLANG_WARN_EMPTY_BODY = YES;
				CLANG_WARN_ENUM_CONVERSION = YES;
				CLANG_WARN_INFINITE_RECURSION = YES;
				CLANG_WARN_INT_CONVERSION = YES;
				CLANG_WARN_NON_LITERAL_NULL_CONVERSION = YES;
				CLANG_WARN_OBJC_LITERAL_CONVERSION = YES;
				CLANG_WARN_OBJC_ROOT_CLASS = YES_ERROR;
				CLANG_WARN_RANGE_LOOP_ANALYSIS = YES;
				CLANG_WARN_STRICT_PROTOTYPES = YES;
				CLANG_WARN_SUSPICIOUS_MOVE = YES;
				CLANG_WARN_UNREACHABLE_CODE = YES;
				CLANG_WARN__DUPLICATE_METHOD_MATCH = YES;
				COPY_PHASE_STRIP = NO;
				DEBUG_INFORMATION_FORMAT = "dwarf-with-dsym";
				ENABLE_NS_ASSERTIONS = NO;
				ENABLE_STRICT_OBJC_MSGSEND = YES;
				GCC_C_LANGUAGE_STANDARD = gnu99;
				GCC_DYNAMIC_NO_PIC = NO;
				GCC_NO_COMMON_BLOCKS = YES;
				GCC_TREAT_WARNINGS_AS_ERRORS = YES;
				GCC_WARN_64_TO_32_BIT_CONVERSION = YES;
				GCC_WARN_ABOUT_RETURN_TYPE = YES_ERROR;
				GCC_WARN_UNDECLARED_SELECTOR = YES;
				GCC_WARN_UNINITIALIZED_AUTOS = YES_AGGRESSIVE;
				GCC_WARN_UNUSED_FUNCTION = YES;
				GCC_WARN_UNUSED_VARIABLE = YES;
				MACOSX_DEPLOYMENT_TARGET = 10.12;
				SDKROOT = macosx;
			};
			name = Release;
		};
/* End XCBuildConfiguration section */

/* Begin XCConfigurationList section */
		C01FCF4A08A954540054247B /* Build configuration list for PBXNativeTarget "AsmHelper" */ = {
			isa = XCConfigurationList;
			buildConfigurations = (
				C01FCF4B08A954540054247B /* Debug */,
				C01FCF4C08A954540054247B /* Release */,
			);
			defaultConfigurationIsVisible = 0;
			defaultConfigurationName = Release;
		};
		C01FCF4E08A954540054247B /* Build configuration list for PBXProject "AsmHelper" */ = {
			isa = XCConfigurationList;
			buildConfigurations = (
				C01FCF4F08A954540054247B /* Debug */,
				C01FCF5008A954540054247B /* Release */,
			);
			defaultConfigurationIsVisible = 0;
			defaultConfigurationName = Release;
		};
/* End XCConfigurationList section */
	};
	rootObject = 29B97313FDCFA39411CA2CEA /* Project object */;
}
